
Microsoft Visual Studio Solution File, Format Version 12.00
# Visual Studio 14
VisualStudioVersion = 14.0.25420.1
MinimumVisualStudioVersion = 10.0.40219.1
Project("{F2A71F9B-5D33-465A-A702-920D77279786}") = "Core", "Core\Core.fsproj", "{0D6B7FFA-A1F1-4FAE-AD8D-0DA3888F5953}"
	ProjectSection(ProjectDependencies) = postProject
		{3E721011-6CCE-4187-A49A-DAC093DE8E0F} = {3E721011-6CCE-4187-A49A-DAC093DE8E0F}
	EndProjectSection
EndProject
Project("{F2A71F9B-5D33-465A-A702-920D77279786}") = "Interpreter", "Interpreter\Interpreter.fsproj", "{6890CE86-3856-467A-B3B5-EF307B7695F8}"
EndProject
Project("{F2A71F9B-5D33-465A-A702-920D77279786}") = "FSharp.Common", "..\..\FSharp.Common\FSharp.Common.fsproj", "{3E721011-6CCE-4187-A49A-DAC093DE8E0F}"
EndProject
Global
	GlobalSection(SolutionConfigurationPlatforms) = preSolution
		Console Debug|Any CPU = Console Debug|Any CPU
		Console Release|Any CPU = Console Release|Any CPU
		Interpreter Debug|Any CPU = Interpreter Debug|Any CPU
		Interpreter Release|Any CPU = Interpreter Release|Any CPU
		UnitTest Debug|Any CPU = UnitTest Debug|Any CPU
		UnitTest Release|Any CPU = UnitTest Release|Any CPU
	EndGlobalSection
	GlobalSection(ProjectConfigurationPlatforms) = postSolution
		{0D6B7FFA-A1F1-4FAE-AD8D-0DA3888F5953}.Console Debug|Any CPU.ActiveCfg = Debug|Any CPU
		{0D6B7FFA-A1F1-4FAE-AD8D-0DA3888F5953}.Console Debug|Any CPU.Build.0 = Debug|Any CPU
		{0D6B7FFA-A1F1-4FAE-AD8D-0DA3888F5953}.Console Release|Any CPU.ActiveCfg = Release|Any CPU
		{0D6B7FFA-A1F1-4FAE-AD8D-0DA3888F5953}.Console Release|Any CPU.Build.0 = Release|Any CPU
		{0D6B7FFA-A1F1-4FAE-AD8D-0DA3888F5953}.Interpreter Debug|Any CPU.ActiveCfg = Debug|Any CPU
		{0D6B7FFA-A1F1-4FAE-AD8D-0DA3888F5953}.Interpreter Debug|Any CPU.Build.0 = Debug|Any CPU
		{0D6B7FFA-A1F1-4FAE-AD8D-0DA3888F5953}.Interpreter Release|Any CPU.ActiveCfg = Release|Any CPU
		{0D6B7FFA-A1F1-4FAE-AD8D-0DA3888F5953}.Interpreter Release|Any CPU.Build.0 = Release|Any CPU
		{0D6B7FFA-A1F1-4FAE-AD8D-0DA3888F5953}.UnitTest Debug|Any CPU.ActiveCfg = Debug|Any CPU
		{0D6B7FFA-A1F1-4FAE-AD8D-0DA3888F5953}.UnitTest Debug|Any CPU.Build.0 = Debug|Any CPU
		{0D6B7FFA-A1F1-4FAE-AD8D-0DA3888F5953}.UnitTest Debug|Any CPU.Deploy.0 = Debug|Any CPU
		{0D6B7FFA-A1F1-4FAE-AD8D-0DA3888F5953}.UnitTest Release|Any CPU.ActiveCfg = Release|Any CPU
		{0D6B7FFA-A1F1-4FAE-AD8D-0DA3888F5953}.UnitTest Release|Any CPU.Build.0 = Release|Any CPU
		{6890CE86-3856-467A-B3B5-EF307B7695F8}.Console Debug|Any CPU.ActiveCfg = Console Debug|Any CPU
		{6890CE86-3856-467A-B3B5-EF307B7695F8}.Console Debug|Any CPU.Build.0 = Console Debug|Any CPU
		{6890CE86-3856-467A-B3B5-EF307B7695F8}.Console Release|Any CPU.ActiveCfg = Console Release|Any CPU
		{6890CE86-3856-467A-B3B5-EF307B7695F8}.Console Release|Any CPU.Build.0 = Console Release|Any CPU
		{6890CE86-3856-467A-B3B5-EF307B7695F8}.Interpreter Debug|Any CPU.ActiveCfg = Debug|Any CPU
		{6890CE86-3856-467A-B3B5-EF307B7695F8}.Interpreter Debug|Any CPU.Build.0 = Debug|Any CPU
		{6890CE86-3856-467A-B3B5-EF307B7695F8}.Interpreter Release|Any CPU.ActiveCfg = Release|Any CPU
		{6890CE86-3856-467A-B3B5-EF307B7695F8}.Interpreter Release|Any CPU.Build.0 = Release|Any CPU
		{6890CE86-3856-467A-B3B5-EF307B7695F8}.UnitTest Debug|Any CPU.ActiveCfg = UnitTest Debug|Any CPU
		{6890CE86-3856-467A-B3B5-EF307B7695F8}.UnitTest Debug|Any CPU.Build.0 = UnitTest Debug|Any CPU
		{6890CE86-3856-467A-B3B5-EF307B7695F8}.UnitTest Debug|Any CPU.Deploy.0 = UnitTest Debug|Any CPU
		{6890CE86-3856-467A-B3B5-EF307B7695F8}.UnitTest Release|Any CPU.ActiveCfg = UnitTest Debug|Any CPU
		{6890CE86-3856-467A-B3B5-EF307B7695F8}.UnitTest Release|Any CPU.Build.0 = UnitTest Debug|Any CPU
		{3E721011-6CCE-4187-A49A-DAC093DE8E0F}.Console Debug|Any CPU.ActiveCfg = Debug|Any CPU
		{3E721011-6CCE-4187-A49A-DAC093DE8E0F}.Console Debug|Any CPU.Build.0 = Debug|Any CPU
		{3E721011-6CCE-4187-A49A-DAC093DE8E0F}.Console Release|Any CPU.ActiveCfg = Release|Any CPU
		{3E721011-6CCE-4187-A49A-DAC093DE8E0F}.Console Release|Any CPU.Build.0 = Release|Any CPU
		{3E721011-6CCE-4187-A49A-DAC093DE8E0F}.Interpreter Debug|Any CPU.ActiveCfg = Debug|Any CPU
		{3E721011-6CCE-4187-A49A-DAC093DE8E0F}.Interpreter Debug|Any CPU.Build.0 = Debug|Any CPU
		{3E721011-6CCE-4187-A49A-DAC093DE8E0F}.Interpreter Release|Any CPU.ActiveCfg = Release|Any CPU
		{3E721011-6CCE-4187-A49A-DAC093DE8E0F}.Interpreter Release|Any CPU.Build.0 = Release|Any CPU
		{3E721011-6CCE-4187-A49A-DAC093DE8E0F}.UnitTest Debug|Any CPU.ActiveCfg = Debug|Any CPU
		{3E721011-6CCE-4187-A49A-DAC093DE8E0F}.UnitTest Debug|Any CPU.Build.0 = Debug|Any CPU
		{3E721011-6CCE-4187-A49A-DAC093DE8E0F}.UnitTest Debug|Any CPU.Deploy.0 = Debug|Any CPU
		{3E721011-6CCE-4187-A49A-DAC093DE8E0F}.UnitTest Release|Any CPU.ActiveCfg = Release|Any CPU
		{3E721011-6CCE-4187-A49A-DAC093DE8E0F}.UnitTest Release|Any CPU.Build.0 = Release|Any CPU
	EndGlobalSection
	GlobalSection(SolutionProperties) = preSolution
		HideSolutionNode = FALSE
	EndGlobalSection
EndGlobal
