
Microsoft Visual Studio Solution File, Format Version 12.00
# Visual Studio 14
VisualStudioVersion = 14.0.24720.0
MinimumVisualStudioVersion = 10.0.40219.1
Project("{F2A71F9B-5D33-465A-A702-920D77279786}") = "Core", "Core\Core.fsproj", "{0D6B7FFA-A1F1-4FAE-AD8D-0DA3888F5953}"
	ProjectSection(ProjectDependencies) = postProject
		{7C493012-2911-43FE-8AD3-F052C3084E3C} = {7C493012-2911-43FE-8AD3-F052C3084E3C}
	EndProjectSection
EndProject
Project("{F2A71F9B-5D33-465A-A702-920D77279786}") = "Interpreter", "Interpreter\Interpreter.fsproj", "{6890CE86-3856-467A-B3B5-EF307B7695F8}"
EndProject
Project("{F2A71F9B-5D33-465A-A702-920D77279786}") = "FSharp.Common", "..\..\FSharp.Common\FSharp.Common.fsproj", "{7C493012-2911-43FE-8AD3-F052C3084E3C}"
EndProject
Global
	GlobalSection(SolutionConfigurationPlatforms) = preSolution
		Interactive Debug|Any CPU = Interactive Debug|Any CPU
		Interactive Debug|x64 = Interactive Debug|x64
		Interactive Release|Any CPU = Interactive Release|Any CPU
		Interactive Release|x64 = Interactive Release|x64
		Interpreter Debug|Any CPU = Interpreter Debug|Any CPU
		Interpreter Debug|x64 = Interpreter Debug|x64
		Interpreter Release|Any CPU = Interpreter Release|Any CPU
		Interpreter Release|x64 = Interpreter Release|x64
		UnitTest|Any CPU = UnitTest|Any CPU
		UnitTest|x64 = UnitTest|x64
	EndGlobalSection
	GlobalSection(ProjectConfigurationPlatforms) = postSolution
		{0D6B7FFA-A1F1-4FAE-AD8D-0DA3888F5953}.Interactive Debug|Any CPU.ActiveCfg = Debug|Any CPU
		{0D6B7FFA-A1F1-4FAE-AD8D-0DA3888F5953}.Interactive Debug|Any CPU.Build.0 = Debug|Any CPU
		{0D6B7FFA-A1F1-4FAE-AD8D-0DA3888F5953}.Interactive Debug|x64.ActiveCfg = Debug|Any CPU
		{0D6B7FFA-A1F1-4FAE-AD8D-0DA3888F5953}.Interactive Debug|x64.Build.0 = Debug|Any CPU
		{0D6B7FFA-A1F1-4FAE-AD8D-0DA3888F5953}.Interactive Release|Any CPU.ActiveCfg = Release|Any CPU
		{0D6B7FFA-A1F1-4FAE-AD8D-0DA3888F5953}.Interactive Release|Any CPU.Build.0 = Release|Any CPU
		{0D6B7FFA-A1F1-4FAE-AD8D-0DA3888F5953}.Interactive Release|x64.ActiveCfg = Release|Any CPU
		{0D6B7FFA-A1F1-4FAE-AD8D-0DA3888F5953}.Interactive Release|x64.Build.0 = Release|Any CPU
		{0D6B7FFA-A1F1-4FAE-AD8D-0DA3888F5953}.Interpreter Debug|Any CPU.ActiveCfg = Debug|Any CPU
		{0D6B7FFA-A1F1-4FAE-AD8D-0DA3888F5953}.Interpreter Debug|Any CPU.Build.0 = Debug|Any CPU
		{0D6B7FFA-A1F1-4FAE-AD8D-0DA3888F5953}.Interpreter Debug|x64.ActiveCfg = Debug|Any CPU
		{0D6B7FFA-A1F1-4FAE-AD8D-0DA3888F5953}.Interpreter Debug|x64.Build.0 = Debug|Any CPU
		{0D6B7FFA-A1F1-4FAE-AD8D-0DA3888F5953}.Interpreter Release|Any CPU.ActiveCfg = Release|Any CPU
		{0D6B7FFA-A1F1-4FAE-AD8D-0DA3888F5953}.Interpreter Release|Any CPU.Build.0 = Release|Any CPU
		{0D6B7FFA-A1F1-4FAE-AD8D-0DA3888F5953}.Interpreter Release|x64.ActiveCfg = Release|Any CPU
		{0D6B7FFA-A1F1-4FAE-AD8D-0DA3888F5953}.Interpreter Release|x64.Build.0 = Release|Any CPU
		{0D6B7FFA-A1F1-4FAE-AD8D-0DA3888F5953}.UnitTest|Any CPU.ActiveCfg = Debug|Any CPU
		{0D6B7FFA-A1F1-4FAE-AD8D-0DA3888F5953}.UnitTest|Any CPU.Build.0 = Debug|Any CPU
		{0D6B7FFA-A1F1-4FAE-AD8D-0DA3888F5953}.UnitTest|x64.ActiveCfg = Release|Any CPU
		{0D6B7FFA-A1F1-4FAE-AD8D-0DA3888F5953}.UnitTest|x64.Build.0 = Release|Any CPU
		{6890CE86-3856-467A-B3B5-EF307B7695F8}.Interactive Debug|Any CPU.ActiveCfg = Interactive Debug|Any CPU
		{6890CE86-3856-467A-B3B5-EF307B7695F8}.Interactive Debug|Any CPU.Build.0 = Interactive Debug|Any CPU
		{6890CE86-3856-467A-B3B5-EF307B7695F8}.Interactive Debug|x64.ActiveCfg = Interactive Debug|Any CPU
		{6890CE86-3856-467A-B3B5-EF307B7695F8}.Interactive Debug|x64.Build.0 = Interactive Debug|Any CPU
		{6890CE86-3856-467A-B3B5-EF307B7695F8}.Interactive Release|Any CPU.ActiveCfg = Interactive Release|Any CPU
		{6890CE86-3856-467A-B3B5-EF307B7695F8}.Interactive Release|Any CPU.Build.0 = Interactive Release|Any CPU
		{6890CE86-3856-467A-B3B5-EF307B7695F8}.Interactive Release|x64.ActiveCfg = Interactive Release|Any CPU
		{6890CE86-3856-467A-B3B5-EF307B7695F8}.Interactive Release|x64.Build.0 = Interactive Release|Any CPU
		{6890CE86-3856-467A-B3B5-EF307B7695F8}.Interpreter Debug|Any CPU.ActiveCfg = Interpreter Debug|Any CPU
		{6890CE86-3856-467A-B3B5-EF307B7695F8}.Interpreter Debug|Any CPU.Build.0 = Interpreter Debug|Any CPU
		{6890CE86-3856-467A-B3B5-EF307B7695F8}.Interpreter Debug|x64.ActiveCfg = Interpreter Debug|Any CPU
		{6890CE86-3856-467A-B3B5-EF307B7695F8}.Interpreter Debug|x64.Build.0 = Interpreter Debug|Any CPU
		{6890CE86-3856-467A-B3B5-EF307B7695F8}.Interpreter Release|Any CPU.ActiveCfg = Interpreter Release|Any CPU
		{6890CE86-3856-467A-B3B5-EF307B7695F8}.Interpreter Release|Any CPU.Build.0 = Interpreter Release|Any CPU
		{6890CE86-3856-467A-B3B5-EF307B7695F8}.Interpreter Release|x64.ActiveCfg = Interpreter Release|Any CPU
		{6890CE86-3856-467A-B3B5-EF307B7695F8}.Interpreter Release|x64.Build.0 = Interpreter Release|Any CPU
		{6890CE86-3856-467A-B3B5-EF307B7695F8}.UnitTest|Any CPU.ActiveCfg = UnitTest|Any CPU
		{6890CE86-3856-467A-B3B5-EF307B7695F8}.UnitTest|Any CPU.Build.0 = UnitTest|Any CPU
		{6890CE86-3856-467A-B3B5-EF307B7695F8}.UnitTest|x64.ActiveCfg = UnitTest|Any CPU
		{6890CE86-3856-467A-B3B5-EF307B7695F8}.UnitTest|x64.Build.0 = UnitTest|Any CPU
		{7C493012-2911-43FE-8AD3-F052C3084E3C}.Interactive Debug|Any CPU.ActiveCfg = Debug|Any CPU
		{7C493012-2911-43FE-8AD3-F052C3084E3C}.Interactive Debug|Any CPU.Build.0 = Debug|Any CPU
		{7C493012-2911-43FE-8AD3-F052C3084E3C}.Interactive Debug|x64.ActiveCfg = Debug|x64
		{7C493012-2911-43FE-8AD3-F052C3084E3C}.Interactive Debug|x64.Build.0 = Debug|x64
		{7C493012-2911-43FE-8AD3-F052C3084E3C}.Interactive Release|Any CPU.ActiveCfg = Release|Any CPU
		{7C493012-2911-43FE-8AD3-F052C3084E3C}.Interactive Release|Any CPU.Build.0 = Release|Any CPU
		{7C493012-2911-43FE-8AD3-F052C3084E3C}.Interactive Release|x64.ActiveCfg = Release|x64
		{7C493012-2911-43FE-8AD3-F052C3084E3C}.Interactive Release|x64.Build.0 = Release|x64
		{7C493012-2911-43FE-8AD3-F052C3084E3C}.Interpreter Debug|Any CPU.ActiveCfg = Debug|Any CPU
		{7C493012-2911-43FE-8AD3-F052C3084E3C}.Interpreter Debug|Any CPU.Build.0 = Debug|Any CPU
		{7C493012-2911-43FE-8AD3-F052C3084E3C}.Interpreter Debug|x64.ActiveCfg = Debug|x64
		{7C493012-2911-43FE-8AD3-F052C3084E3C}.Interpreter Debug|x64.Build.0 = Debug|x64
		{7C493012-2911-43FE-8AD3-F052C3084E3C}.Interpreter Release|Any CPU.ActiveCfg = Release|Any CPU
		{7C493012-2911-43FE-8AD3-F052C3084E3C}.Interpreter Release|Any CPU.Build.0 = Release|Any CPU
		{7C493012-2911-43FE-8AD3-F052C3084E3C}.Interpreter Release|x64.ActiveCfg = Release|x64
		{7C493012-2911-43FE-8AD3-F052C3084E3C}.Interpreter Release|x64.Build.0 = Release|x64
		{7C493012-2911-43FE-8AD3-F052C3084E3C}.UnitTest|Any CPU.ActiveCfg = Debug|Any CPU
		{7C493012-2911-43FE-8AD3-F052C3084E3C}.UnitTest|Any CPU.Build.0 = Debug|Any CPU
		{7C493012-2911-43FE-8AD3-F052C3084E3C}.UnitTest|x64.ActiveCfg = Release|x64
		{7C493012-2911-43FE-8AD3-F052C3084E3C}.UnitTest|x64.Build.0 = Release|x64
	EndGlobalSection
	GlobalSection(SolutionProperties) = preSolution
		HideSolutionNode = FALSE
	EndGlobalSection
EndGlobal
